
Microsoft Visual Studio Solution File, Format Version 12.00
# Visual Studio Version 16
VisualStudioVersion = 16.0.29411.108
MinimumVisualStudioVersion = 10.0.40219.1
Project("{2150E333-8FDC-42A3-9474-1A3956D46DE8}") = "Interactive Test Apps", "Interactive Test Apps", "{F4F201D8-5C51-4060-8D16-D4515DB497F8}"
EndProject
Project("{2150E333-8FDC-42A3-9474-1A3956D46DE8}") = "NuGet Packaging", "NuGet Packaging", "{3D6D8AA1-DD3D-4B0D-AEDF-A588704AFE09}"
	ProjectSection(SolutionItems) = preProject
		nuget\Ping.OidcClient.Android.nuspec = nuget\Ping.OidcClient.Android.nuspec
		nuget\Ping.OidcClient.Core.nuspec = nuget\Ping.OidcClient.Core.nuspec
		nuget\Ping.OidcClient.iOS.nuspec = nuget\Ping.OidcClient.iOS.nuspec
	EndProjectSection
EndProject
Project("{2150E333-8FDC-42A3-9474-1A3956D46DE8}") = "Unit Tests", "Unit Tests", "{2C45E37C-F5A4-4A65-A3C9-BC03AAE66527}"
EndProject
Project("{9A19103F-16F7-4668-BE54-9A1E7A4F7556}") = "Ping.OidcClient.Core", "src\Ping.OidcClient.Core\Ping.OidcClient.Core.csproj", "{B49382A3-FFA4-4492-9631-C6CCDAE9C376}"
EndProject
Project("{FAE04EC0-301F-11D3-BF4B-00C04F79EFBC}") = "Ping.OidcClient.Android", "src\Ping.OidcClient.Android\Ping.OidcClient.Android.csproj", "{A18A146B-FB5A-4AB8-8F1C-501E58AA7D4D}"
EndProject
Project("{FAE04EC0-301F-11D3-BF4B-00C04F79EFBC}") = "Ping.OidcClient.iOS", "src\ping.OidcClient.iOS\Ping.OidcClient.iOS.csproj", "{D6CD228A-D8FA-4250-B770-CCC9CCD5698B}"
EndProject
Project("{2150E333-8FDC-42A3-9474-1A3956D46DE8}") = "DemoApp", "DemoApp", "{61627CAB-31AD-4316-9A2E-247BEAFC2C84}"
EndProject
Project("{FAE04EC0-301F-11D3-BF4B-00C04F79EFBC}") = "Demo.Android", "Demo\Demo.Android\Demo.Android.csproj", "{D1885184-147F-46E0-A6C9-543EF8F54A33}"
EndProject
Project("{FAE04EC0-301F-11D3-BF4B-00C04F79EFBC}") = "Demo.iOS", "Demo\Demo.iOS\Demo.iOS.csproj", "{4E63E013-88B1-4233-AFE2-CACDC01B4A74}"
EndProject
Project("{9A19103F-16F7-4668-BE54-9A1E7A4F7556}") = "Demo", "Demo\Demo\Demo.csproj", "{33600A57-E2B4-4CC1-9D5B-5C7017EE4CE6}"
EndProject
Global
	GlobalSection(SolutionConfigurationPlatforms) = preSolution
		Ad-Hoc|Any CPU = Ad-Hoc|Any CPU
		Ad-Hoc|ARM = Ad-Hoc|ARM
		Ad-Hoc|iPhone = Ad-Hoc|iPhone
		Ad-Hoc|iPhoneSimulator = Ad-Hoc|iPhoneSimulator
		Ad-Hoc|x64 = Ad-Hoc|x64
		Ad-Hoc|x86 = Ad-Hoc|x86
		AppStore|Any CPU = AppStore|Any CPU
		AppStore|ARM = AppStore|ARM
		AppStore|iPhone = AppStore|iPhone
		AppStore|iPhoneSimulator = AppStore|iPhoneSimulator
		AppStore|x64 = AppStore|x64
		AppStore|x86 = AppStore|x86
		Debug|Any CPU = Debug|Any CPU
		Debug|ARM = Debug|ARM
		Debug|iPhone = Debug|iPhone
		Debug|iPhoneSimulator = Debug|iPhoneSimulator
		Debug|x64 = Debug|x64
		Debug|x86 = Debug|x86
		Release|Any CPU = Release|Any CPU
		Release|ARM = Release|ARM
		Release|iPhone = Release|iPhone
		Release|iPhoneSimulator = Release|iPhoneSimulator
		Release|x64 = Release|x64
		Release|x86 = Release|x86
	EndGlobalSection
	GlobalSection(ProjectConfigurationPlatforms) = postSolution
		{B49382A3-FFA4-4492-9631-C6CCDAE9C376}.Ad-Hoc|Any CPU.ActiveCfg = Debug|Any CPU
		{B49382A3-FFA4-4492-9631-C6CCDAE9C376}.Ad-Hoc|Any CPU.Build.0 = Debug|Any CPU
		{B49382A3-FFA4-4492-9631-C6CCDAE9C376}.Ad-Hoc|ARM.ActiveCfg = Debug|Any CPU
		{B49382A3-FFA4-4492-9631-C6CCDAE9C376}.Ad-Hoc|ARM.Build.0 = Debug|Any CPU
		{B49382A3-FFA4-4492-9631-C6CCDAE9C376}.Ad-Hoc|iPhone.ActiveCfg = Debug|Any CPU
		{B49382A3-FFA4-4492-9631-C6CCDAE9C376}.Ad-Hoc|iPhone.Build.0 = Debug|Any CPU
		{B49382A3-FFA4-4492-9631-C6CCDAE9C376}.Ad-Hoc|iPhoneSimulator.ActiveCfg = Debug|Any CPU
		{B49382A3-FFA4-4492-9631-C6CCDAE9C376}.Ad-Hoc|iPhoneSimulator.Build.0 = Debug|Any CPU
		{B49382A3-FFA4-4492-9631-C6CCDAE9C376}.Ad-Hoc|x64.ActiveCfg = Debug|Any CPU
		{B49382A3-FFA4-4492-9631-C6CCDAE9C376}.Ad-Hoc|x64.Build.0 = Debug|Any CPU
		{B49382A3-FFA4-4492-9631-C6CCDAE9C376}.Ad-Hoc|x86.ActiveCfg = Debug|Any CPU
		{B49382A3-FFA4-4492-9631-C6CCDAE9C376}.Ad-Hoc|x86.Build.0 = Debug|Any CPU
		{B49382A3-FFA4-4492-9631-C6CCDAE9C376}.AppStore|Any CPU.ActiveCfg = Debug|Any CPU
		{B49382A3-FFA4-4492-9631-C6CCDAE9C376}.AppStore|Any CPU.Build.0 = Debug|Any CPU
		{B49382A3-FFA4-4492-9631-C6CCDAE9C376}.AppStore|ARM.ActiveCfg = Debug|Any CPU
		{B49382A3-FFA4-4492-9631-C6CCDAE9C376}.AppStore|ARM.Build.0 = Debug|Any CPU
		{B49382A3-FFA4-4492-9631-C6CCDAE9C376}.AppStore|iPhone.ActiveCfg = Debug|Any CPU
		{B49382A3-FFA4-4492-9631-C6CCDAE9C376}.AppStore|iPhone.Build.0 = Debug|Any CPU
		{B49382A3-FFA4-4492-9631-C6CCDAE9C376}.AppStore|iPhoneSimulator.ActiveCfg = Debug|Any CPU
		{B49382A3-FFA4-4492-9631-C6CCDAE9C376}.AppStore|iPhoneSimulator.Build.0 = Debug|Any CPU
		{B49382A3-FFA4-4492-9631-C6CCDAE9C376}.AppStore|x64.ActiveCfg = Debug|Any CPU
		{B49382A3-FFA4-4492-9631-C6CCDAE9C376}.AppStore|x64.Build.0 = Debug|Any CPU
		{B49382A3-FFA4-4492-9631-C6CCDAE9C376}.AppStore|x86.ActiveCfg = Debug|Any CPU
		{B49382A3-FFA4-4492-9631-C6CCDAE9C376}.AppStore|x86.Build.0 = Debug|Any CPU
		{B49382A3-FFA4-4492-9631-C6CCDAE9C376}.Debug|Any CPU.ActiveCfg = Debug|Any CPU
		{B49382A3-FFA4-4492-9631-C6CCDAE9C376}.Debug|Any CPU.Build.0 = Debug|Any CPU
		{B49382A3-FFA4-4492-9631-C6CCDAE9C376}.Debug|ARM.ActiveCfg = Debug|Any CPU
		{B49382A3-FFA4-4492-9631-C6CCDAE9C376}.Debug|ARM.Build.0 = Debug|Any CPU
		{B49382A3-FFA4-4492-9631-C6CCDAE9C376}.Debug|iPhone.ActiveCfg = Debug|Any CPU
		{B49382A3-FFA4-4492-9631-C6CCDAE9C376}.Debug|iPhone.Build.0 = Debug|Any CPU
		{B49382A3-FFA4-4492-9631-C6CCDAE9C376}.Debug|iPhoneSimulator.ActiveCfg = Debug|Any CPU
		{B49382A3-FFA4-4492-9631-C6CCDAE9C376}.Debug|iPhoneSimulator.Build.0 = Debug|Any CPU
		{B49382A3-FFA4-4492-9631-C6CCDAE9C376}.Debug|x64.ActiveCfg = Debug|Any CPU
		{B49382A3-FFA4-4492-9631-C6CCDAE9C376}.Debug|x64.Build.0 = Debug|Any CPU
		{B49382A3-FFA4-4492-9631-C6CCDAE9C376}.Debug|x86.ActiveCfg = Debug|Any CPU
		{B49382A3-FFA4-4492-9631-C6CCDAE9C376}.Debug|x86.Build.0 = Debug|Any CPU
		{B49382A3-FFA4-4492-9631-C6CCDAE9C376}.Release|Any CPU.ActiveCfg = Release|Any CPU
		{B49382A3-FFA4-4492-9631-C6CCDAE9C376}.Release|Any CPU.Build.0 = Release|Any CPU
		{B49382A3-FFA4-4492-9631-C6CCDAE9C376}.Release|ARM.ActiveCfg = Release|Any CPU
		{B49382A3-FFA4-4492-9631-C6CCDAE9C376}.Release|ARM.Build.0 = Release|Any CPU
		{B49382A3-FFA4-4492-9631-C6CCDAE9C376}.Release|iPhone.ActiveCfg = Release|Any CPU
		{B49382A3-FFA4-4492-9631-C6CCDAE9C376}.Release|iPhone.Build.0 = Release|Any CPU
		{B49382A3-FFA4-4492-9631-C6CCDAE9C376}.Release|iPhoneSimulator.ActiveCfg = Release|Any CPU
		{B49382A3-FFA4-4492-9631-C6CCDAE9C376}.Release|iPhoneSimulator.Build.0 = Release|Any CPU
		{B49382A3-FFA4-4492-9631-C6CCDAE9C376}.Release|x64.ActiveCfg = Release|Any CPU
		{B49382A3-FFA4-4492-9631-C6CCDAE9C376}.Release|x64.Build.0 = Release|Any CPU
		{B49382A3-FFA4-4492-9631-C6CCDAE9C376}.Release|x86.ActiveCfg = Release|Any CPU
		{B49382A3-FFA4-4492-9631-C6CCDAE9C376}.Release|x86.Build.0 = Release|Any CPU
		{A18A146B-FB5A-4AB8-8F1C-501E58AA7D4D}.Ad-Hoc|Any CPU.ActiveCfg = Release|Any CPU
		{A18A146B-FB5A-4AB8-8F1C-501E58AA7D4D}.Ad-Hoc|Any CPU.Build.0 = Release|Any CPU
		{A18A146B-FB5A-4AB8-8F1C-501E58AA7D4D}.Ad-Hoc|ARM.ActiveCfg = Release|Any CPU
		{A18A146B-FB5A-4AB8-8F1C-501E58AA7D4D}.Ad-Hoc|ARM.Build.0 = Release|Any CPU
		{A18A146B-FB5A-4AB8-8F1C-501E58AA7D4D}.Ad-Hoc|iPhone.ActiveCfg = Release|Any CPU
		{A18A146B-FB5A-4AB8-8F1C-501E58AA7D4D}.Ad-Hoc|iPhone.Build.0 = Release|Any CPU
		{A18A146B-FB5A-4AB8-8F1C-501E58AA7D4D}.Ad-Hoc|iPhoneSimulator.ActiveCfg = Release|Any CPU
		{A18A146B-FB5A-4AB8-8F1C-501E58AA7D4D}.Ad-Hoc|iPhoneSimulator.Build.0 = Release|Any CPU
		{A18A146B-FB5A-4AB8-8F1C-501E58AA7D4D}.Ad-Hoc|x64.ActiveCfg = Release|Any CPU
		{A18A146B-FB5A-4AB8-8F1C-501E58AA7D4D}.Ad-Hoc|x64.Build.0 = Release|Any CPU
		{A18A146B-FB5A-4AB8-8F1C-501E58AA7D4D}.Ad-Hoc|x86.ActiveCfg = Release|Any CPU
		{A18A146B-FB5A-4AB8-8F1C-501E58AA7D4D}.Ad-Hoc|x86.Build.0 = Release|Any CPU
		{A18A146B-FB5A-4AB8-8F1C-501E58AA7D4D}.AppStore|Any CPU.ActiveCfg = Release|Any CPU
		{A18A146B-FB5A-4AB8-8F1C-501E58AA7D4D}.AppStore|Any CPU.Build.0 = Release|Any CPU
		{A18A146B-FB5A-4AB8-8F1C-501E58AA7D4D}.AppStore|ARM.ActiveCfg = Release|Any CPU
		{A18A146B-FB5A-4AB8-8F1C-501E58AA7D4D}.AppStore|ARM.Build.0 = Release|Any CPU
		{A18A146B-FB5A-4AB8-8F1C-501E58AA7D4D}.AppStore|iPhone.ActiveCfg = Release|Any CPU
		{A18A146B-FB5A-4AB8-8F1C-501E58AA7D4D}.AppStore|iPhone.Build.0 = Release|Any CPU
		{A18A146B-FB5A-4AB8-8F1C-501E58AA7D4D}.AppStore|iPhoneSimulator.ActiveCfg = Release|Any CPU
		{A18A146B-FB5A-4AB8-8F1C-501E58AA7D4D}.AppStore|iPhoneSimulator.Build.0 = Release|Any CPU
		{A18A146B-FB5A-4AB8-8F1C-501E58AA7D4D}.AppStore|x64.ActiveCfg = Release|Any CPU
		{A18A146B-FB5A-4AB8-8F1C-501E58AA7D4D}.AppStore|x64.Build.0 = Release|Any CPU
		{A18A146B-FB5A-4AB8-8F1C-501E58AA7D4D}.AppStore|x86.ActiveCfg = Release|Any CPU
		{A18A146B-FB5A-4AB8-8F1C-501E58AA7D4D}.AppStore|x86.Build.0 = Release|Any CPU
		{A18A146B-FB5A-4AB8-8F1C-501E58AA7D4D}.Debug|Any CPU.ActiveCfg = Debug|Any CPU
		{A18A146B-FB5A-4AB8-8F1C-501E58AA7D4D}.Debug|Any CPU.Build.0 = Debug|Any CPU
		{A18A146B-FB5A-4AB8-8F1C-501E58AA7D4D}.Debug|ARM.ActiveCfg = Debug|Any CPU
		{A18A146B-FB5A-4AB8-8F1C-501E58AA7D4D}.Debug|ARM.Build.0 = Debug|Any CPU
		{A18A146B-FB5A-4AB8-8F1C-501E58AA7D4D}.Debug|iPhone.ActiveCfg = Debug|Any CPU
		{A18A146B-FB5A-4AB8-8F1C-501E58AA7D4D}.Debug|iPhone.Build.0 = Debug|Any CPU
		{A18A146B-FB5A-4AB8-8F1C-501E58AA7D4D}.Debug|iPhoneSimulator.ActiveCfg = Debug|Any CPU
		{A18A146B-FB5A-4AB8-8F1C-501E58AA7D4D}.Debug|iPhoneSimulator.Build.0 = Debug|Any CPU
		{A18A146B-FB5A-4AB8-8F1C-501E58AA7D4D}.Debug|x64.ActiveCfg = Debug|Any CPU
		{A18A146B-FB5A-4AB8-8F1C-501E58AA7D4D}.Debug|x64.Build.0 = Debug|Any CPU
		{A18A146B-FB5A-4AB8-8F1C-501E58AA7D4D}.Debug|x86.ActiveCfg = Debug|Any CPU
		{A18A146B-FB5A-4AB8-8F1C-501E58AA7D4D}.Debug|x86.Build.0 = Debug|Any CPU
		{A18A146B-FB5A-4AB8-8F1C-501E58AA7D4D}.Release|Any CPU.ActiveCfg = Release|Any CPU
		{A18A146B-FB5A-4AB8-8F1C-501E58AA7D4D}.Release|Any CPU.Build.0 = Release|Any CPU
		{A18A146B-FB5A-4AB8-8F1C-501E58AA7D4D}.Release|ARM.ActiveCfg = Release|Any CPU
		{A18A146B-FB5A-4AB8-8F1C-501E58AA7D4D}.Release|ARM.Build.0 = Release|Any CPU
		{A18A146B-FB5A-4AB8-8F1C-501E58AA7D4D}.Release|iPhone.ActiveCfg = Release|Any CPU
		{A18A146B-FB5A-4AB8-8F1C-501E58AA7D4D}.Release|iPhone.Build.0 = Release|Any CPU
		{A18A146B-FB5A-4AB8-8F1C-501E58AA7D4D}.Release|iPhoneSimulator.ActiveCfg = Release|Any CPU
		{A18A146B-FB5A-4AB8-8F1C-501E58AA7D4D}.Release|iPhoneSimulator.Build.0 = Release|Any CPU
		{A18A146B-FB5A-4AB8-8F1C-501E58AA7D4D}.Release|x64.ActiveCfg = Release|Any CPU
		{A18A146B-FB5A-4AB8-8F1C-501E58AA7D4D}.Release|x64.Build.0 = Release|Any CPU
		{A18A146B-FB5A-4AB8-8F1C-501E58AA7D4D}.Release|x86.ActiveCfg = Release|Any CPU
		{A18A146B-FB5A-4AB8-8F1C-501E58AA7D4D}.Release|x86.Build.0 = Release|Any CPU
		{D6CD228A-D8FA-4250-B770-CCC9CCD5698B}.Ad-Hoc|Any CPU.ActiveCfg = Release|Any CPU
		{D6CD228A-D8FA-4250-B770-CCC9CCD5698B}.Ad-Hoc|Any CPU.Build.0 = Release|Any CPU
		{D6CD228A-D8FA-4250-B770-CCC9CCD5698B}.Ad-Hoc|ARM.ActiveCfg = Release|Any CPU
		{D6CD228A-D8FA-4250-B770-CCC9CCD5698B}.Ad-Hoc|ARM.Build.0 = Release|Any CPU
		{D6CD228A-D8FA-4250-B770-CCC9CCD5698B}.Ad-Hoc|iPhone.ActiveCfg = Release|Any CPU
		{D6CD228A-D8FA-4250-B770-CCC9CCD5698B}.Ad-Hoc|iPhone.Build.0 = Release|Any CPU
		{D6CD228A-D8FA-4250-B770-CCC9CCD5698B}.Ad-Hoc|iPhoneSimulator.ActiveCfg = Release|Any CPU
		{D6CD228A-D8FA-4250-B770-CCC9CCD5698B}.Ad-Hoc|iPhoneSimulator.Build.0 = Release|Any CPU
		{D6CD228A-D8FA-4250-B770-CCC9CCD5698B}.Ad-Hoc|x64.ActiveCfg = Release|Any CPU
		{D6CD228A-D8FA-4250-B770-CCC9CCD5698B}.Ad-Hoc|x64.Build.0 = Release|Any CPU
		{D6CD228A-D8FA-4250-B770-CCC9CCD5698B}.Ad-Hoc|x86.ActiveCfg = Release|Any CPU
		{D6CD228A-D8FA-4250-B770-CCC9CCD5698B}.Ad-Hoc|x86.Build.0 = Release|Any CPU
		{D6CD228A-D8FA-4250-B770-CCC9CCD5698B}.AppStore|Any CPU.ActiveCfg = Release|Any CPU
		{D6CD228A-D8FA-4250-B770-CCC9CCD5698B}.AppStore|Any CPU.Build.0 = Release|Any CPU
		{D6CD228A-D8FA-4250-B770-CCC9CCD5698B}.AppStore|ARM.ActiveCfg = Release|Any CPU
		{D6CD228A-D8FA-4250-B770-CCC9CCD5698B}.AppStore|ARM.Build.0 = Release|Any CPU
		{D6CD228A-D8FA-4250-B770-CCC9CCD5698B}.AppStore|iPhone.ActiveCfg = Release|Any CPU
		{D6CD228A-D8FA-4250-B770-CCC9CCD5698B}.AppStore|iPhone.Build.0 = Release|Any CPU
		{D6CD228A-D8FA-4250-B770-CCC9CCD5698B}.AppStore|iPhoneSimulator.ActiveCfg = Release|Any CPU
		{D6CD228A-D8FA-4250-B770-CCC9CCD5698B}.AppStore|iPhoneSimulator.Build.0 = Release|Any CPU
		{D6CD228A-D8FA-4250-B770-CCC9CCD5698B}.AppStore|x64.ActiveCfg = Release|Any CPU
		{D6CD228A-D8FA-4250-B770-CCC9CCD5698B}.AppStore|x64.Build.0 = Release|Any CPU
		{D6CD228A-D8FA-4250-B770-CCC9CCD5698B}.AppStore|x86.ActiveCfg = Release|Any CPU
		{D6CD228A-D8FA-4250-B770-CCC9CCD5698B}.AppStore|x86.Build.0 = Release|Any CPU
		{D6CD228A-D8FA-4250-B770-CCC9CCD5698B}.Debug|Any CPU.ActiveCfg = Debug|Any CPU
		{D6CD228A-D8FA-4250-B770-CCC9CCD5698B}.Debug|Any CPU.Build.0 = Debug|Any CPU
		{D6CD228A-D8FA-4250-B770-CCC9CCD5698B}.Debug|ARM.ActiveCfg = Debug|Any CPU
		{D6CD228A-D8FA-4250-B770-CCC9CCD5698B}.Debug|ARM.Build.0 = Debug|Any CPU
		{D6CD228A-D8FA-4250-B770-CCC9CCD5698B}.Debug|iPhone.ActiveCfg = Debug|Any CPU
		{D6CD228A-D8FA-4250-B770-CCC9CCD5698B}.Debug|iPhone.Build.0 = Debug|Any CPU
		{D6CD228A-D8FA-4250-B770-CCC9CCD5698B}.Debug|iPhoneSimulator.ActiveCfg = Debug|Any CPU
		{D6CD228A-D8FA-4250-B770-CCC9CCD5698B}.Debug|iPhoneSimulator.Build.0 = Debug|Any CPU
		{D6CD228A-D8FA-4250-B770-CCC9CCD5698B}.Debug|x64.ActiveCfg = Debug|Any CPU
		{D6CD228A-D8FA-4250-B770-CCC9CCD5698B}.Debug|x64.Build.0 = Debug|Any CPU
		{D6CD228A-D8FA-4250-B770-CCC9CCD5698B}.Debug|x86.ActiveCfg = Debug|Any CPU
		{D6CD228A-D8FA-4250-B770-CCC9CCD5698B}.Debug|x86.Build.0 = Debug|Any CPU
		{D6CD228A-D8FA-4250-B770-CCC9CCD5698B}.Release|Any CPU.ActiveCfg = Release|Any CPU
		{D6CD228A-D8FA-4250-B770-CCC9CCD5698B}.Release|Any CPU.Build.0 = Release|Any CPU
		{D6CD228A-D8FA-4250-B770-CCC9CCD5698B}.Release|ARM.ActiveCfg = Release|Any CPU
		{D6CD228A-D8FA-4250-B770-CCC9CCD5698B}.Release|ARM.Build.0 = Release|Any CPU
		{D6CD228A-D8FA-4250-B770-CCC9CCD5698B}.Release|iPhone.ActiveCfg = Release|Any CPU
		{D6CD228A-D8FA-4250-B770-CCC9CCD5698B}.Release|iPhone.Build.0 = Release|Any CPU
		{D6CD228A-D8FA-4250-B770-CCC9CCD5698B}.Release|iPhoneSimulator.ActiveCfg = Release|Any CPU
		{D6CD228A-D8FA-4250-B770-CCC9CCD5698B}.Release|iPhoneSimulator.Build.0 = Release|Any CPU
		{D6CD228A-D8FA-4250-B770-CCC9CCD5698B}.Release|x64.ActiveCfg = Release|Any CPU
		{D6CD228A-D8FA-4250-B770-CCC9CCD5698B}.Release|x64.Build.0 = Release|Any CPU
		{D6CD228A-D8FA-4250-B770-CCC9CCD5698B}.Release|x86.ActiveCfg = Release|Any CPU
		{D6CD228A-D8FA-4250-B770-CCC9CCD5698B}.Release|x86.Build.0 = Release|Any CPU
		{D1885184-147F-46E0-A6C9-543EF8F54A33}.Ad-Hoc|Any CPU.ActiveCfg = Release|Any CPU
		{D1885184-147F-46E0-A6C9-543EF8F54A33}.Ad-Hoc|Any CPU.Build.0 = Release|Any CPU
		{D1885184-147F-46E0-A6C9-543EF8F54A33}.Ad-Hoc|Any CPU.Deploy.0 = Release|Any CPU
		{D1885184-147F-46E0-A6C9-543EF8F54A33}.Ad-Hoc|ARM.ActiveCfg = Release|Any CPU
		{D1885184-147F-46E0-A6C9-543EF8F54A33}.Ad-Hoc|ARM.Build.0 = Release|Any CPU
		{D1885184-147F-46E0-A6C9-543EF8F54A33}.Ad-Hoc|ARM.Deploy.0 = Release|Any CPU
		{D1885184-147F-46E0-A6C9-543EF8F54A33}.Ad-Hoc|iPhone.ActiveCfg = Release|Any CPU
		{D1885184-147F-46E0-A6C9-543EF8F54A33}.Ad-Hoc|iPhone.Build.0 = Release|Any CPU
		{D1885184-147F-46E0-A6C9-543EF8F54A33}.Ad-Hoc|iPhone.Deploy.0 = Release|Any CPU
		{D1885184-147F-46E0-A6C9-543EF8F54A33}.Ad-Hoc|iPhoneSimulator.ActiveCfg = Release|Any CPU
		{D1885184-147F-46E0-A6C9-543EF8F54A33}.Ad-Hoc|iPhoneSimulator.Build.0 = Release|Any CPU
		{D1885184-147F-46E0-A6C9-543EF8F54A33}.Ad-Hoc|iPhoneSimulator.Deploy.0 = Release|Any CPU
		{D1885184-147F-46E0-A6C9-543EF8F54A33}.Ad-Hoc|x64.ActiveCfg = Release|Any CPU
		{D1885184-147F-46E0-A6C9-543EF8F54A33}.Ad-Hoc|x64.Build.0 = Release|Any CPU
		{D1885184-147F-46E0-A6C9-543EF8F54A33}.Ad-Hoc|x64.Deploy.0 = Release|Any CPU
		{D1885184-147F-46E0-A6C9-543EF8F54A33}.Ad-Hoc|x86.ActiveCfg = Release|Any CPU
		{D1885184-147F-46E0-A6C9-543EF8F54A33}.Ad-Hoc|x86.Build.0 = Release|Any CPU
		{D1885184-147F-46E0-A6C9-543EF8F54A33}.Ad-Hoc|x86.Deploy.0 = Release|Any CPU
		{D1885184-147F-46E0-A6C9-543EF8F54A33}.AppStore|Any CPU.ActiveCfg = Release|Any CPU
		{D1885184-147F-46E0-A6C9-543EF8F54A33}.AppStore|Any CPU.Build.0 = Release|Any CPU
		{D1885184-147F-46E0-A6C9-543EF8F54A33}.AppStore|Any CPU.Deploy.0 = Release|Any CPU
		{D1885184-147F-46E0-A6C9-543EF8F54A33}.AppStore|ARM.ActiveCfg = Release|Any CPU
		{D1885184-147F-46E0-A6C9-543EF8F54A33}.AppStore|ARM.Build.0 = Release|Any CPU
		{D1885184-147F-46E0-A6C9-543EF8F54A33}.AppStore|ARM.Deploy.0 = Release|Any CPU
		{D1885184-147F-46E0-A6C9-543EF8F54A33}.AppStore|iPhone.ActiveCfg = Release|Any CPU
		{D1885184-147F-46E0-A6C9-543EF8F54A33}.AppStore|iPhone.Build.0 = Release|Any CPU
		{D1885184-147F-46E0-A6C9-543EF8F54A33}.AppStore|iPhone.Deploy.0 = Release|Any CPU
		{D1885184-147F-46E0-A6C9-543EF8F54A33}.AppStore|iPhoneSimulator.ActiveCfg = Release|Any CPU
		{D1885184-147F-46E0-A6C9-543EF8F54A33}.AppStore|iPhoneSimulator.Build.0 = Release|Any CPU
		{D1885184-147F-46E0-A6C9-543EF8F54A33}.AppStore|iPhoneSimulator.Deploy.0 = Release|Any CPU
		{D1885184-147F-46E0-A6C9-543EF8F54A33}.AppStore|x64.ActiveCfg = Release|Any CPU
		{D1885184-147F-46E0-A6C9-543EF8F54A33}.AppStore|x64.Build.0 = Release|Any CPU
		{D1885184-147F-46E0-A6C9-543EF8F54A33}.AppStore|x64.Deploy.0 = Release|Any CPU
		{D1885184-147F-46E0-A6C9-543EF8F54A33}.AppStore|x86.ActiveCfg = Release|Any CPU
		{D1885184-147F-46E0-A6C9-543EF8F54A33}.AppStore|x86.Build.0 = Release|Any CPU
		{D1885184-147F-46E0-A6C9-543EF8F54A33}.AppStore|x86.Deploy.0 = Release|Any CPU
		{D1885184-147F-46E0-A6C9-543EF8F54A33}.Debug|Any CPU.ActiveCfg = Debug|Any CPU
		{D1885184-147F-46E0-A6C9-543EF8F54A33}.Debug|Any CPU.Build.0 = Debug|Any CPU
		{D1885184-147F-46E0-A6C9-543EF8F54A33}.Debug|Any CPU.Deploy.0 = Debug|Any CPU
		{D1885184-147F-46E0-A6C9-543EF8F54A33}.Debug|ARM.ActiveCfg = Debug|Any CPU
		{D1885184-147F-46E0-A6C9-543EF8F54A33}.Debug|ARM.Build.0 = Debug|Any CPU
		{D1885184-147F-46E0-A6C9-543EF8F54A33}.Debug|ARM.Deploy.0 = Debug|Any CPU
		{D1885184-147F-46E0-A6C9-543EF8F54A33}.Debug|iPhone.ActiveCfg = Debug|Any CPU
		{D1885184-147F-46E0-A6C9-543EF8F54A33}.Debug|iPhone.Build.0 = Debug|Any CPU
		{D1885184-147F-46E0-A6C9-543EF8F54A33}.Debug|iPhone.Deploy.0 = Debug|Any CPU
		{D1885184-147F-46E0-A6C9-543EF8F54A33}.Debug|iPhoneSimulator.ActiveCfg = Debug|Any CPU
		{D1885184-147F-46E0-A6C9-543EF8F54A33}.Debug|iPhoneSimulator.Build.0 = Debug|Any CPU
		{D1885184-147F-46E0-A6C9-543EF8F54A33}.Debug|iPhoneSimulator.Deploy.0 = Debug|Any CPU
		{D1885184-147F-46E0-A6C9-543EF8F54A33}.Debug|x64.ActiveCfg = Debug|Any CPU
		{D1885184-147F-46E0-A6C9-543EF8F54A33}.Debug|x64.Build.0 = Debug|Any CPU
		{D1885184-147F-46E0-A6C9-543EF8F54A33}.Debug|x64.Deploy.0 = Debug|Any CPU
		{D1885184-147F-46E0-A6C9-543EF8F54A33}.Debug|x86.ActiveCfg = Debug|Any CPU
		{D1885184-147F-46E0-A6C9-543EF8F54A33}.Debug|x86.Build.0 = Debug|Any CPU
		{D1885184-147F-46E0-A6C9-543EF8F54A33}.Debug|x86.Deploy.0 = Debug|Any CPU
		{D1885184-147F-46E0-A6C9-543EF8F54A33}.Release|Any CPU.ActiveCfg = Release|Any CPU
		{D1885184-147F-46E0-A6C9-543EF8F54A33}.Release|Any CPU.Build.0 = Release|Any CPU
		{D1885184-147F-46E0-A6C9-543EF8F54A33}.Release|Any CPU.Deploy.0 = Release|Any CPU
		{D1885184-147F-46E0-A6C9-543EF8F54A33}.Release|ARM.ActiveCfg = Release|Any CPU
		{D1885184-147F-46E0-A6C9-543EF8F54A33}.Release|ARM.Build.0 = Release|Any CPU
		{D1885184-147F-46E0-A6C9-543EF8F54A33}.Release|ARM.Deploy.0 = Release|Any CPU
		{D1885184-147F-46E0-A6C9-543EF8F54A33}.Release|iPhone.ActiveCfg = Release|Any CPU
		{D1885184-147F-46E0-A6C9-543EF8F54A33}.Release|iPhone.Build.0 = Release|Any CPU
		{D1885184-147F-46E0-A6C9-543EF8F54A33}.Release|iPhone.Deploy.0 = Release|Any CPU
		{D1885184-147F-46E0-A6C9-543EF8F54A33}.Release|iPhoneSimulator.ActiveCfg = Release|Any CPU
		{D1885184-147F-46E0-A6C9-543EF8F54A33}.Release|iPhoneSimulator.Build.0 = Release|Any CPU
		{D1885184-147F-46E0-A6C9-543EF8F54A33}.Release|iPhoneSimulator.Deploy.0 = Release|Any CPU
		{D1885184-147F-46E0-A6C9-543EF8F54A33}.Release|x64.ActiveCfg = Release|Any CPU
		{D1885184-147F-46E0-A6C9-543EF8F54A33}.Release|x64.Build.0 = Release|Any CPU
		{D1885184-147F-46E0-A6C9-543EF8F54A33}.Release|x64.Deploy.0 = Release|Any CPU
		{D1885184-147F-46E0-A6C9-543EF8F54A33}.Release|x86.ActiveCfg = Release|Any CPU
		{D1885184-147F-46E0-A6C9-543EF8F54A33}.Release|x86.Build.0 = Release|Any CPU
		{D1885184-147F-46E0-A6C9-543EF8F54A33}.Release|x86.Deploy.0 = Release|Any CPU
		{4E63E013-88B1-4233-AFE2-CACDC01B4A74}.Ad-Hoc|Any CPU.ActiveCfg = Release|iPhone
		{4E63E013-88B1-4233-AFE2-CACDC01B4A74}.Ad-Hoc|Any CPU.Build.0 = Release|iPhone
		{4E63E013-88B1-4233-AFE2-CACDC01B4A74}.Ad-Hoc|ARM.ActiveCfg = Release|iPhone
		{4E63E013-88B1-4233-AFE2-CACDC01B4A74}.Ad-Hoc|ARM.Build.0 = Release|iPhone
		{4E63E013-88B1-4233-AFE2-CACDC01B4A74}.Ad-Hoc|iPhone.ActiveCfg = Release|iPhone
		{4E63E013-88B1-4233-AFE2-CACDC01B4A74}.Ad-Hoc|iPhone.Build.0 = Release|iPhone
		{4E63E013-88B1-4233-AFE2-CACDC01B4A74}.Ad-Hoc|iPhoneSimulator.ActiveCfg = Release|iPhoneSimulator
		{4E63E013-88B1-4233-AFE2-CACDC01B4A74}.Ad-Hoc|iPhoneSimulator.Build.0 = Release|iPhoneSimulator
		{4E63E013-88B1-4233-AFE2-CACDC01B4A74}.Ad-Hoc|x64.ActiveCfg = Release|iPhone
		{4E63E013-88B1-4233-AFE2-CACDC01B4A74}.Ad-Hoc|x64.Build.0 = Release|iPhone
		{4E63E013-88B1-4233-AFE2-CACDC01B4A74}.Ad-Hoc|x86.ActiveCfg = Release|iPhone
		{4E63E013-88B1-4233-AFE2-CACDC01B4A74}.Ad-Hoc|x86.Build.0 = Release|iPhone
		{4E63E013-88B1-4233-AFE2-CACDC01B4A74}.AppStore|Any CPU.ActiveCfg = Release|iPhone
		{4E63E013-88B1-4233-AFE2-CACDC01B4A74}.AppStore|Any CPU.Build.0 = Release|iPhone
		{4E63E013-88B1-4233-AFE2-CACDC01B4A74}.AppStore|ARM.ActiveCfg = Release|iPhone
		{4E63E013-88B1-4233-AFE2-CACDC01B4A74}.AppStore|ARM.Build.0 = Release|iPhone
		{4E63E013-88B1-4233-AFE2-CACDC01B4A74}.AppStore|iPhone.ActiveCfg = Release|iPhone
		{4E63E013-88B1-4233-AFE2-CACDC01B4A74}.AppStore|iPhone.Build.0 = Release|iPhone
		{4E63E013-88B1-4233-AFE2-CACDC01B4A74}.AppStore|iPhoneSimulator.ActiveCfg = Release|iPhoneSimulator
		{4E63E013-88B1-4233-AFE2-CACDC01B4A74}.AppStore|iPhoneSimulator.Build.0 = Release|iPhoneSimulator
		{4E63E013-88B1-4233-AFE2-CACDC01B4A74}.AppStore|x64.ActiveCfg = Release|iPhone
		{4E63E013-88B1-4233-AFE2-CACDC01B4A74}.AppStore|x64.Build.0 = Release|iPhone
		{4E63E013-88B1-4233-AFE2-CACDC01B4A74}.AppStore|x86.ActiveCfg = Release|iPhone
		{4E63E013-88B1-4233-AFE2-CACDC01B4A74}.AppStore|x86.Build.0 = Release|iPhone
		{4E63E013-88B1-4233-AFE2-CACDC01B4A74}.Debug|Any CPU.ActiveCfg = Debug|iPhone
		{4E63E013-88B1-4233-AFE2-CACDC01B4A74}.Debug|ARM.ActiveCfg = Debug|iPhone
		{4E63E013-88B1-4233-AFE2-CACDC01B4A74}.Debug|iPhone.ActiveCfg = Debug|iPhone
		{4E63E013-88B1-4233-AFE2-CACDC01B4A74}.Debug|iPhone.Build.0 = Debug|iPhone
		{4E63E013-88B1-4233-AFE2-CACDC01B4A74}.Debug|iPhoneSimulator.ActiveCfg = Debug|iPhoneSimulator
		{4E63E013-88B1-4233-AFE2-CACDC01B4A74}.Debug|iPhoneSimulator.Build.0 = Debug|iPhoneSimulator
		{4E63E013-88B1-4233-AFE2-CACDC01B4A74}.Debug|x64.ActiveCfg = Debug|iPhone
		{4E63E013-88B1-4233-AFE2-CACDC01B4A74}.Debug|x86.ActiveCfg = Debug|iPhone
		{4E63E013-88B1-4233-AFE2-CACDC01B4A74}.Release|Any CPU.ActiveCfg = Release|iPhone
		{4E63E013-88B1-4233-AFE2-CACDC01B4A74}.Release|ARM.ActiveCfg = Release|iPhone
		{4E63E013-88B1-4233-AFE2-CACDC01B4A74}.Release|iPhone.ActiveCfg = Release|iPhone
		{4E63E013-88B1-4233-AFE2-CACDC01B4A74}.Release|iPhone.Build.0 = Release|iPhone
		{4E63E013-88B1-4233-AFE2-CACDC01B4A74}.Release|iPhoneSimulator.ActiveCfg = Release|iPhoneSimulator
		{4E63E013-88B1-4233-AFE2-CACDC01B4A74}.Release|iPhoneSimulator.Build.0 = Release|iPhoneSimulator
		{4E63E013-88B1-4233-AFE2-CACDC01B4A74}.Release|x64.ActiveCfg = Release|iPhone
		{4E63E013-88B1-4233-AFE2-CACDC01B4A74}.Release|x86.ActiveCfg = Release|iPhone
		{4E63E013-88B1-4233-AFE2-CACDC01B4A74}.Debug|Any CPU.Build.0 = Debug|iPhone
		{4E63E013-88B1-4233-AFE2-CACDC01B4A74}.Release|Any CPU.Build.0 = Release|iPhone
		{33600A57-E2B4-4CC1-9D5B-5C7017EE4CE6}.Ad-Hoc|Any CPU.ActiveCfg = Debug|Any CPU
		{33600A57-E2B4-4CC1-9D5B-5C7017EE4CE6}.Ad-Hoc|Any CPU.Build.0 = Debug|Any CPU
		{33600A57-E2B4-4CC1-9D5B-5C7017EE4CE6}.Ad-Hoc|ARM.ActiveCfg = Debug|Any CPU
		{33600A57-E2B4-4CC1-9D5B-5C7017EE4CE6}.Ad-Hoc|ARM.Build.0 = Debug|Any CPU
		{33600A57-E2B4-4CC1-9D5B-5C7017EE4CE6}.Ad-Hoc|iPhone.ActiveCfg = Debug|Any CPU
		{33600A57-E2B4-4CC1-9D5B-5C7017EE4CE6}.Ad-Hoc|iPhone.Build.0 = Debug|Any CPU
		{33600A57-E2B4-4CC1-9D5B-5C7017EE4CE6}.Ad-Hoc|iPhoneSimulator.ActiveCfg = Debug|Any CPU
		{33600A57-E2B4-4CC1-9D5B-5C7017EE4CE6}.Ad-Hoc|iPhoneSimulator.Build.0 = Debug|Any CPU
		{33600A57-E2B4-4CC1-9D5B-5C7017EE4CE6}.Ad-Hoc|x64.ActiveCfg = Debug|Any CPU
		{33600A57-E2B4-4CC1-9D5B-5C7017EE4CE6}.Ad-Hoc|x64.Build.0 = Debug|Any CPU
		{33600A57-E2B4-4CC1-9D5B-5C7017EE4CE6}.Ad-Hoc|x86.ActiveCfg = Debug|Any CPU
		{33600A57-E2B4-4CC1-9D5B-5C7017EE4CE6}.Ad-Hoc|x86.Build.0 = Debug|Any CPU
		{33600A57-E2B4-4CC1-9D5B-5C7017EE4CE6}.AppStore|Any CPU.ActiveCfg = Debug|Any CPU
		{33600A57-E2B4-4CC1-9D5B-5C7017EE4CE6}.AppStore|Any CPU.Build.0 = Debug|Any CPU
		{33600A57-E2B4-4CC1-9D5B-5C7017EE4CE6}.AppStore|ARM.ActiveCfg = Debug|Any CPU
		{33600A57-E2B4-4CC1-9D5B-5C7017EE4CE6}.AppStore|ARM.Build.0 = Debug|Any CPU
		{33600A57-E2B4-4CC1-9D5B-5C7017EE4CE6}.AppStore|iPhone.ActiveCfg = Debug|Any CPU
		{33600A57-E2B4-4CC1-9D5B-5C7017EE4CE6}.AppStore|iPhone.Build.0 = Debug|Any CPU
		{33600A57-E2B4-4CC1-9D5B-5C7017EE4CE6}.AppStore|iPhoneSimulator.ActiveCfg = Debug|Any CPU
		{33600A57-E2B4-4CC1-9D5B-5C7017EE4CE6}.AppStore|iPhoneSimulator.Build.0 = Debug|Any CPU
		{33600A57-E2B4-4CC1-9D5B-5C7017EE4CE6}.AppStore|x64.ActiveCfg = Debug|Any CPU
		{33600A57-E2B4-4CC1-9D5B-5C7017EE4CE6}.AppStore|x64.Build.0 = Debug|Any CPU
		{33600A57-E2B4-4CC1-9D5B-5C7017EE4CE6}.AppStore|x86.ActiveCfg = Debug|Any CPU
		{33600A57-E2B4-4CC1-9D5B-5C7017EE4CE6}.AppStore|x86.Build.0 = Debug|Any CPU
		{33600A57-E2B4-4CC1-9D5B-5C7017EE4CE6}.Debug|Any CPU.ActiveCfg = Debug|Any CPU
		{33600A57-E2B4-4CC1-9D5B-5C7017EE4CE6}.Debug|Any CPU.Build.0 = Debug|Any CPU
		{33600A57-E2B4-4CC1-9D5B-5C7017EE4CE6}.Debug|ARM.ActiveCfg = Debug|Any CPU
		{33600A57-E2B4-4CC1-9D5B-5C7017EE4CE6}.Debug|ARM.Build.0 = Debug|Any CPU
		{33600A57-E2B4-4CC1-9D5B-5C7017EE4CE6}.Debug|iPhone.ActiveCfg = Debug|Any CPU
		{33600A57-E2B4-4CC1-9D5B-5C7017EE4CE6}.Debug|iPhone.Build.0 = Debug|Any CPU
		{33600A57-E2B4-4CC1-9D5B-5C7017EE4CE6}.Debug|iPhoneSimulator.ActiveCfg = Debug|Any CPU
		{33600A57-E2B4-4CC1-9D5B-5C7017EE4CE6}.Debug|iPhoneSimulator.Build.0 = Debug|Any CPU
		{33600A57-E2B4-4CC1-9D5B-5C7017EE4CE6}.Debug|x64.ActiveCfg = Debug|Any CPU
		{33600A57-E2B4-4CC1-9D5B-5C7017EE4CE6}.Debug|x64.Build.0 = Debug|Any CPU
		{33600A57-E2B4-4CC1-9D5B-5C7017EE4CE6}.Debug|x86.ActiveCfg = Debug|Any CPU
		{33600A57-E2B4-4CC1-9D5B-5C7017EE4CE6}.Debug|x86.Build.0 = Debug|Any CPU
		{33600A57-E2B4-4CC1-9D5B-5C7017EE4CE6}.Release|Any CPU.ActiveCfg = Release|Any CPU
		{33600A57-E2B4-4CC1-9D5B-5C7017EE4CE6}.Release|Any CPU.Build.0 = Release|Any CPU
		{33600A57-E2B4-4CC1-9D5B-5C7017EE4CE6}.Release|ARM.ActiveCfg = Release|Any CPU
		{33600A57-E2B4-4CC1-9D5B-5C7017EE4CE6}.Release|ARM.Build.0 = Release|Any CPU
		{33600A57-E2B4-4CC1-9D5B-5C7017EE4CE6}.Release|iPhone.ActiveCfg = Release|Any CPU
		{33600A57-E2B4-4CC1-9D5B-5C7017EE4CE6}.Release|iPhone.Build.0 = Release|Any CPU
		{33600A57-E2B4-4CC1-9D5B-5C7017EE4CE6}.Release|iPhoneSimulator.ActiveCfg = Release|Any CPU
		{33600A57-E2B4-4CC1-9D5B-5C7017EE4CE6}.Release|iPhoneSimulator.Build.0 = Release|Any CPU
		{33600A57-E2B4-4CC1-9D5B-5C7017EE4CE6}.Release|x64.ActiveCfg = Release|Any CPU
		{33600A57-E2B4-4CC1-9D5B-5C7017EE4CE6}.Release|x64.Build.0 = Release|Any CPU
		{33600A57-E2B4-4CC1-9D5B-5C7017EE4CE6}.Release|x86.ActiveCfg = Release|Any CPU
		{33600A57-E2B4-4CC1-9D5B-5C7017EE4CE6}.Release|x86.Build.0 = Release|Any CPU
	EndGlobalSection
	GlobalSection(SolutionProperties) = preSolution
		HideSolutionNode = FALSE
	EndGlobalSection
	GlobalSection(NestedProjects) = preSolution
		{D1885184-147F-46E0-A6C9-543EF8F54A33} = {61627CAB-31AD-4316-9A2E-247BEAFC2C84}
		{4E63E013-88B1-4233-AFE2-CACDC01B4A74} = {61627CAB-31AD-4316-9A2E-247BEAFC2C84}
		{33600A57-E2B4-4CC1-9D5B-5C7017EE4CE6} = {61627CAB-31AD-4316-9A2E-247BEAFC2C84}
	EndGlobalSection
	GlobalSection(ExtensibilityGlobals) = postSolution
		SolutionGuid = {12B26EAA-80AA-4E1B-8C76-A4747C72C804}
	EndGlobalSection
EndGlobal
